
Microsoft Visual Studio Solution File, Format Version 12.00
# Visual Studio Version 16
VisualStudioVersion = 16.0.810.9
MinimumVisualStudioVersion = 10.0.40219.1
Project("{FAE04EC0-301F-11D3-BF4B-00C04F79EFBC}") = "Server", "Server\Server.csproj", "{50752278-260C-4C4B-89AD-2052FC9DAB57}"
EndProject
Global
	GlobalSection(SolutionConfigurationPlatforms) = preSolution
		Debug|Any CPU = Debug|Any CPU
		Release|Any CPU = Release|Any CPU
	EndGlobalSection
	GlobalSection(ProjectConfigurationPlatforms) = postSolution
		{50752278-260C-4C4B-89AD-2052FC9DAB57}.Debug|Any CPU.ActiveCfg = Debug|Any CPU
		{50752278-260C-4C4B-89AD-2052FC9DAB57}.Debug|Any CPU.Build.0 = Debug|Any CPU
		{50752278-260C-4C4B-89AD-2052FC9DAB57}.Release|Any CPU.ActiveCfg = Release|Any CPU
		{50752278-260C-4C4B-89AD-2052FC9DAB57}.Release|Any CPU.Build.0 = Release|Any CPU
	EndGlobalSection
	GlobalSection(SolutionProperties) = preSolution
		HideSolutionNode = FALSE
	EndGlobalSection
	GlobalSection(ExtensibilityGlobals) = postSolution
		SolutionGuid = {14FBB1EF-5947-4154-BD9F-C8993D15B93B}
	EndGlobalSection
EndGlobal
